
Microsoft Visual Studio Solution File, Format Version 12.00
# Visual Studio Version 16
VisualStudioVersion = 16.0.29001.49
MinimumVisualStudioVersion = 10.0.40219.1
Project("{FAE04EC0-301F-11D3-BF4B-00C04F79EFBC}") = "DataManager", "DataManager\DataManager.csproj", "{7C5B59B1-EE22-4A9F-BF53-81BD63209A18}"
EndProject
Project("{00D1A9C2-B5F0-4AF3-8072-F6C62B433612}") = "RetailDatabase", "RetailDatabase\RetailDatabase.sqlproj", "{898421C3-A1E5-443D-ADD5-02D3B6FDA419}"
EndProject
Project("{FAE04EC0-301F-11D3-BF4B-00C04F79EFBC}") = "RetailmanagerDesktopUI", "RetailmanagerDesktopUI\RetailmanagerDesktopUI.csproj", "{078E77A6-7AA7-40CF-92F3-D00F949CAB44}"
EndProject
Global
	GlobalSection(SolutionConfigurationPlatforms) = preSolution
		Debug|Any CPU = Debug|Any CPU
		Release|Any CPU = Release|Any CPU
	EndGlobalSection
	GlobalSection(ProjectConfigurationPlatforms) = postSolution
		{7C5B59B1-EE22-4A9F-BF53-81BD63209A18}.Debug|Any CPU.ActiveCfg = Debug|Any CPU
		{7C5B59B1-EE22-4A9F-BF53-81BD63209A18}.Debug|Any CPU.Build.0 = Debug|Any CPU
		{7C5B59B1-EE22-4A9F-BF53-81BD63209A18}.Release|Any CPU.ActiveCfg = Release|Any CPU
		{7C5B59B1-EE22-4A9F-BF53-81BD63209A18}.Release|Any CPU.Build.0 = Release|Any CPU
		{898421C3-A1E5-443D-ADD5-02D3B6FDA419}.Debug|Any CPU.ActiveCfg = Debug|Any CPU
		{898421C3-A1E5-443D-ADD5-02D3B6FDA419}.Debug|Any CPU.Build.0 = Debug|Any CPU
		{898421C3-A1E5-443D-ADD5-02D3B6FDA419}.Debug|Any CPU.Deploy.0 = Debug|Any CPU
		{898421C3-A1E5-443D-ADD5-02D3B6FDA419}.Release|Any CPU.ActiveCfg = Release|Any CPU
		{898421C3-A1E5-443D-ADD5-02D3B6FDA419}.Release|Any CPU.Build.0 = Release|Any CPU
		{898421C3-A1E5-443D-ADD5-02D3B6FDA419}.Release|Any CPU.Deploy.0 = Release|Any CPU
		{078E77A6-7AA7-40CF-92F3-D00F949CAB44}.Debug|Any CPU.ActiveCfg = Debug|Any CPU
		{078E77A6-7AA7-40CF-92F3-D00F949CAB44}.Debug|Any CPU.Build.0 = Debug|Any CPU
		{078E77A6-7AA7-40CF-92F3-D00F949CAB44}.Release|Any CPU.ActiveCfg = Release|Any CPU
		{078E77A6-7AA7-40CF-92F3-D00F949CAB44}.Release|Any CPU.Build.0 = Release|Any CPU
	EndGlobalSection
	GlobalSection(SolutionProperties) = preSolution
		HideSolutionNode = FALSE
	EndGlobalSection
	GlobalSection(ExtensibilityGlobals) = postSolution
		SolutionGuid = {CBB28C10-267D-4F16-AB39-FF7295E5E8E4}
	EndGlobalSection
EndGlobal
